
Microsoft Visual Studio Solution File, Format Version 12.00
# Visual Studio Version 16
VisualStudioVersion = 16.0.30114.105
MinimumVisualStudioVersion = 10.0.40219.1
Project("{9A19103F-16F7-4668-BE54-9A1E7A4F7556}") = "BookCatalog.Admin", "BookCatalog.Admin\BookCatalog.Admin.csproj", "{DB04D77E-E73A-4151-89D5-8E576C4C8EA2}"
EndProject
Project("{9A19103F-16F7-4668-BE54-9A1E7A4F7556}") = "BookCatalog.Common", "BookCatalog.Common\BookCatalog.Common.csproj", "{120D9FBC-CD7B-4E6B-BABD-5B01EDA7ED40}"
EndProject
Project("{9A19103F-16F7-4668-BE54-9A1E7A4F7556}") = "BookCatalog.Gateway", "BookCatalog.Gateway\BookCatalog.Gateway.csproj", "{381D26BD-0A96-4720-A3DC-9AAA44E6255A}"
EndProject
Project("{9A19103F-16F7-4668-BE54-9A1E7A4F7556}") = "BookCatalog.Notifications", "BookCatalog.Notifications\BookCatalog.Notifications.csproj", "{92CE56D6-7A54-4E0D-BDCB-90A30AA02D0B}"
EndProject
Project("{9A19103F-16F7-4668-BE54-9A1E7A4F7556}") = "BookCatalog.Books", "BookCatalog.Books\BookCatalog.Books.csproj", "{CC4D7A9A-E8EF-4D9E-AD28-1FA73D2D230E}"
EndProject
Project("{9A19103F-16F7-4668-BE54-9A1E7A4F7556}") = "BookCatalog.Statistics", "BookCatalog.Statistics\BookCatalog.Statistics.csproj", "{A01C0957-2D5A-4DDD-A832-E37271DD0DE7}"
EndProject
Project("{9A19103F-16F7-4668-BE54-9A1E7A4F7556}") = "BookCatalog.Identity", "BookCatalog.Identity\BookCatalog.Identity.csproj", "{1FDA5272-3EC6-460E-9527-A780A51811D3}"
EndProject
Project("{9A19103F-16F7-4668-BE54-9A1E7A4F7556}") = "BookCatalog.HealthCheck", "BookCatalog.HealthCheck\BookCatalog.HealthCheck.csproj", "{4C457674-8688-43CB-8851-728050D08A73}"
EndProject
Project("{9A19103F-16F7-4668-BE54-9A1E7A4F7556}") = "BookCatalog.Authors", "BookCatalog.Authors\BookCatalog.Authors.csproj", "{0A81BBB0-C788-4A5E-B016-8FD65566F65E}"
EndProject
Global
	GlobalSection(SolutionConfigurationPlatforms) = preSolution
		Debug|Any CPU = Debug|Any CPU
		Release|Any CPU = Release|Any CPU
	EndGlobalSection
	GlobalSection(ProjectConfigurationPlatforms) = postSolution
		{DB04D77E-E73A-4151-89D5-8E576C4C8EA2}.Debug|Any CPU.ActiveCfg = Debug|Any CPU
		{DB04D77E-E73A-4151-89D5-8E576C4C8EA2}.Debug|Any CPU.Build.0 = Debug|Any CPU
		{DB04D77E-E73A-4151-89D5-8E576C4C8EA2}.Release|Any CPU.ActiveCfg = Release|Any CPU
		{DB04D77E-E73A-4151-89D5-8E576C4C8EA2}.Release|Any CPU.Build.0 = Release|Any CPU
		{120D9FBC-CD7B-4E6B-BABD-5B01EDA7ED40}.Debug|Any CPU.ActiveCfg = Debug|Any CPU
		{120D9FBC-CD7B-4E6B-BABD-5B01EDA7ED40}.Debug|Any CPU.Build.0 = Debug|Any CPU
		{120D9FBC-CD7B-4E6B-BABD-5B01EDA7ED40}.Release|Any CPU.ActiveCfg = Release|Any CPU
		{120D9FBC-CD7B-4E6B-BABD-5B01EDA7ED40}.Release|Any CPU.Build.0 = Release|Any CPU
		{381D26BD-0A96-4720-A3DC-9AAA44E6255A}.Debug|Any CPU.ActiveCfg = Debug|Any CPU
		{381D26BD-0A96-4720-A3DC-9AAA44E6255A}.Debug|Any CPU.Build.0 = Debug|Any CPU
		{381D26BD-0A96-4720-A3DC-9AAA44E6255A}.Release|Any CPU.ActiveCfg = Release|Any CPU
		{381D26BD-0A96-4720-A3DC-9AAA44E6255A}.Release|Any CPU.Build.0 = Release|Any CPU
		{92CE56D6-7A54-4E0D-BDCB-90A30AA02D0B}.Debug|Any CPU.ActiveCfg = Debug|Any CPU
		{92CE56D6-7A54-4E0D-BDCB-90A30AA02D0B}.Debug|Any CPU.Build.0 = Debug|Any CPU
		{92CE56D6-7A54-4E0D-BDCB-90A30AA02D0B}.Release|Any CPU.ActiveCfg = Release|Any CPU
		{92CE56D6-7A54-4E0D-BDCB-90A30AA02D0B}.Release|Any CPU.Build.0 = Release|Any CPU
		{CC4D7A9A-E8EF-4D9E-AD28-1FA73D2D230E}.Debug|Any CPU.ActiveCfg = Debug|Any CPU
		{CC4D7A9A-E8EF-4D9E-AD28-1FA73D2D230E}.Debug|Any CPU.Build.0 = Debug|Any CPU
		{CC4D7A9A-E8EF-4D9E-AD28-1FA73D2D230E}.Release|Any CPU.ActiveCfg = Release|Any CPU
		{CC4D7A9A-E8EF-4D9E-AD28-1FA73D2D230E}.Release|Any CPU.Build.0 = Release|Any CPU
		{A01C0957-2D5A-4DDD-A832-E37271DD0DE7}.Debug|Any CPU.ActiveCfg = Debug|Any CPU
		{A01C0957-2D5A-4DDD-A832-E37271DD0DE7}.Debug|Any CPU.Build.0 = Debug|Any CPU
		{A01C0957-2D5A-4DDD-A832-E37271DD0DE7}.Release|Any CPU.ActiveCfg = Release|Any CPU
		{A01C0957-2D5A-4DDD-A832-E37271DD0DE7}.Release|Any CPU.Build.0 = Release|Any CPU
		{1FDA5272-3EC6-460E-9527-A780A51811D3}.Debug|Any CPU.ActiveCfg = Debug|Any CPU
		{1FDA5272-3EC6-460E-9527-A780A51811D3}.Debug|Any CPU.Build.0 = Debug|Any CPU
		{1FDA5272-3EC6-460E-9527-A780A51811D3}.Release|Any CPU.ActiveCfg = Release|Any CPU
		{1FDA5272-3EC6-460E-9527-A780A51811D3}.Release|Any CPU.Build.0 = Release|Any CPU
		{4C457674-8688-43CB-8851-728050D08A73}.Debug|Any CPU.ActiveCfg = Debug|Any CPU
		{4C457674-8688-43CB-8851-728050D08A73}.Debug|Any CPU.Build.0 = Debug|Any CPU
		{4C457674-8688-43CB-8851-728050D08A73}.Release|Any CPU.ActiveCfg = Release|Any CPU
		{4C457674-8688-43CB-8851-728050D08A73}.Release|Any CPU.Build.0 = Release|Any CPU
		{0A81BBB0-C788-4A5E-B016-8FD65566F65E}.Debug|Any CPU.ActiveCfg = Debug|Any CPU
		{0A81BBB0-C788-4A5E-B016-8FD65566F65E}.Debug|Any CPU.Build.0 = Debug|Any CPU
		{0A81BBB0-C788-4A5E-B016-8FD65566F65E}.Release|Any CPU.ActiveCfg = Release|Any CPU
		{0A81BBB0-C788-4A5E-B016-8FD65566F65E}.Release|Any CPU.Build.0 = Release|Any CPU
	EndGlobalSection
	GlobalSection(SolutionProperties) = preSolution
		HideSolutionNode = FALSE
	EndGlobalSection
	GlobalSection(ExtensibilityGlobals) = postSolution
		SolutionGuid = {1BDBBBB8-6EE9-4EC4-95D2-32DD88609368}
	EndGlobalSection
EndGlobal
